Microsoft Visual Studio Solution File, Format Version 11.00
# Visual Studio 2008

Project("{25A739C0-1817-87F9-EE59-08D3B157A3EA}") = "Unity Practice", "Assembly-CSharp.csproj", "{ACE2052A-D14D-EFBF-70C2-A3BE37D8468C}"
EndProject
Project("{25A739C0-1817-87F9-EE59-08D3B157A3EA}") = "Unity Practice", "Assembly-CSharp-Editor.csproj", "{842D976F-945F-AE1C-4C61-56889DBA0EA5}"
EndProject
Global
	GlobalSection(SolutionConfigurationPlatforms) = preSolution
		Debug|Any CPU = Debug|Any CPU
		Release|Any CPU = Release|Any CPU
	EndGlobalSection
	GlobalSection(ProjectConfigurationPlatforms) = postSolution
		{ACE2052A-D14D-EFBF-70C2-A3BE37D8468C}.Debug|Any CPU.ActiveCfg = Debug|Any CPU
		{ACE2052A-D14D-EFBF-70C2-A3BE37D8468C}.Debug|Any CPU.Build.0 = Debug|Any CPU
		{ACE2052A-D14D-EFBF-70C2-A3BE37D8468C}.Release|Any CPU.ActiveCfg = Release|Any CPU
		{ACE2052A-D14D-EFBF-70C2-A3BE37D8468C}.Release|Any CPU.Build.0 = Release|Any CPU
		{842D976F-945F-AE1C-4C61-56889DBA0EA5}.Debug|Any CPU.ActiveCfg = Debug|Any CPU
		{842D976F-945F-AE1C-4C61-56889DBA0EA5}.Debug|Any CPU.Build.0 = Debug|Any CPU
		{842D976F-945F-AE1C-4C61-56889DBA0EA5}.Release|Any CPU.ActiveCfg = Release|Any CPU
		{842D976F-945F-AE1C-4C61-56889DBA0EA5}.Release|Any CPU.Build.0 = Release|Any CPU
	EndGlobalSection
	GlobalSection(SolutionProperties) = preSolution
		HideSolutionNode = FALSE
	EndGlobalSection
																																																																																										GlobalSection(MonoDevelopProperties) = preSolution
		StartupItem = Assembly-CSharp.csproj
		Policies = $0
		$0.TextStylePolicy = $1
		$1.inheritsSet = null
		$1.scope = text/x-csharp
		$0.CSharpFormattingPolicy = $2
		$2.inheritsSet = Mono
		$2.inheritsScope = text/x-csharp
		$2.scope = text/x-csharp
		$0.TextStylePolicy = $3
		$3.FileWidth = 120
		$3.TabWidth = 4
		$3.EolMarker = Unix
		$3.inheritsSet = Mono
		$3.inheritsScope = text/plain
		$3.scope = text/plain
	EndGlobalSection

EndGlobal
